// !$*UTF8*$!
{
	archiveVersion = 1;
	classes = {
	};
	objectVersion = 50;
	objects = {

/* Begin PBXBuildFile section */
		E0607F7A22FC7A3F002406A6 /* AppDelegate.swift in Sources */ = {isa = PBXBuildFile; fileRef = E0607F7922FC7A3F002406A6 /* AppDelegate.swift */; };
		E0607F7C22FC7A3F002406A6 /* SceneDelegate.swift in Sources */ = {isa = PBXBuildFile; fileRef = E0607F7B22FC7A3F002406A6 /* SceneDelegate.swift */; };
		E0607F7E22FC7A3F002406A6 /* ViewController.swift in Sources */ = {isa = PBXBuildFile; fileRef = E0607F7D22FC7A3F002406A6 /* ViewController.swift */; };
		E0607F8122FC7A3F002406A6 /* Main.storyboard in Resources */ = {isa = PBXBuildFile; fileRef = E0607F7F22FC7A3F002406A6 /* Main.storyboard */; };
		E0607F8322FC7A41002406A6 /* Assets.xcassets in Resources */ = {isa = PBXBuildFile; fileRef = E0607F8222FC7A41002406A6 /* Assets.xcassets */; };
		E0607F8622FC7A41002406A6 /* LaunchScreen.storyboard in Resources */ = {isa = PBXBuildFile; fileRef = E0607F8422FC7A41002406A6 /* LaunchScreen.storyboard */; };
		E0607F8E22FC7B1A002406A6 /* MoonshotCollectionViewController.swift in Sources */ = {isa = PBXBuildFile; fileRef = E0607F8D22FC7B1A002406A6 /* MoonshotCollectionViewController.swift */; };
		E0607F9022FC7B49002406A6 /* MoonshotCollectionViewCell.swift in Sources */ = {isa = PBXBuildFile; fileRef = E0607F8F22FC7B49002406A6 /* MoonshotCollectionViewCell.swift */; };
/* End PBXBuildFile section */

/* Begin PBXFileReference section */
		E0607F7622FC7A3F002406A6 /* PhotoWall.app */ = {isa = PBXFileReference; explicitFileType = wrapper.application; includeInIndex = 0; path = PhotoWall.app; sourceTree = BUILT_PRODUCTS_DIR; };
		E0607F7922FC7A3F002406A6 /* AppDelegate.swift */ = {isa = PBXFileReference; lastKnownFileType = sourcecode.swift; path = AppDelegate.swift; sourceTree = "<group>"; };
		E0607F7B22FC7A3F002406A6 /* SceneDelegate.swift */ = {isa = PBXFileReference; lastKnownFileType = sourcecode.swift; path = SceneDelegate.swift; sourceTree = "<group>"; };
		E0607F7D22FC7A3F002406A6 /* ViewController.swift */ = {isa = PBXFileReference; lastKnownFileType = sourcecode.swift; path = ViewController.swift; sourceTree = "<group>"; };
		E0607F8022FC7A3F002406A6 /* Base */ = {isa = PBXFileReference; lastKnownFileType = file.storyboard; name = Base; path = Base.lproj/Main.storyboard; sourceTree = "<group>"; };
		E0607F8222FC7A41002406A6 /* Assets.xcassets */ = {isa = PBXFileReference; lastKnownFileType = folder.assetcatalog; path = Assets.xcassets; sourceTree = "<group>"; };
		E0607F8522FC7A41002406A6 /* Base */ = {isa = PBXFileReference; lastKnownFileType = file.storyboard; name = Base; path = Base.lproj/LaunchScreen.storyboard; sourceTree = "<group>"; };
		E0607F8722FC7A41002406A6 /* Info.plist */ = {isa = PBXFileReference; lastKnownFileType = text.plist.xml; path = Info.plist; sourceTree = "<group>"; };
		E0607F8D22FC7B1A002406A6 /* MoonshotCollectionViewController.swift */ = {isa = PBXFileReference; lastKnownFileType = sourcecode.swift; path = MoonshotCollectionViewController.swift; sourceTree = "<group>"; };
		E0607F8F22FC7B49002406A6 /* MoonshotCollectionViewCell.swift */ = {isa = PBXFileReference; lastKnownFileType = sourcecode.swift; path = MoonshotCollectionViewCell.swift; sourceTree = "<group>"; };
/* End PBXFileReference section */

/* Begin PBXFrameworksBuildPhase section */
		E0607F7322FC7A3F002406A6 /* Frameworks */ = {
			isa = PBXFrameworksBuildPhase;
			buildActionMask = 2147483647;
			files = (
			);
			runOnlyForDeploymentPostprocessing = 0;
		};
/* End PBXFrameworksBuildPhase section */

/* Begin PBXGroup section */
		E0607F6D22FC7A3F002406A6 = {
			isa = PBXGroup;
			children = (
				E0607F7822FC7A3F002406A6 /* PhotoWall */,
				E0607F7722FC7A3F002406A6 /* Products */,
			);
			sourceTree = "<group>";
		};
		E0607F7722FC7A3F002406A6 /* Products */ = {
			isa = PBXGroup;
			children = (
				E0607F7622FC7A3F002406A6 /* PhotoWall.app */,
			);
			name = Products;
			sourceTree = "<group>";
		};
		E0607F7822FC7A3F002406A6 /* PhotoWall */ = {
			isa = PBXGroup;
			children = (
				E0607F7922FC7A3F002406A6 /* AppDelegate.swift */,
				E0607F7B22FC7A3F002406A6 /* SceneDelegate.swift */,
				E0607F7D22FC7A3F002406A6 /* ViewController.swift */,
				E0607F7F22FC7A3F002406A6 /* Main.storyboard */,
				E0607F8D22FC7B1A002406A6 /* MoonshotCollectionViewController.swift */,
				E0607F8F22FC7B49002406A6 /* MoonshotCollectionViewCell.swift */,
				E0607F8222FC7A41002406A6 /* Assets.xcassets */,
				E0607F8422FC7A41002406A6 /* LaunchScreen.storyboard */,
				E0607F8722FC7A41002406A6 /* Info.plist */,
			);
			path = PhotoWall;
			sourceTree = "<group>";
		};
/* End PBXGroup section */

/* Begin PBXNativeTarget section */
		E0607F7522FC7A3F002406A6 /* PhotoWall */ = {
			isa = PBXNativeTarget;
			buildConfigurationList = E0607F8A22FC7A41002406A6 /* Build configuration list for PBXNativeTarget "PhotoWall" */;
			buildPhases = (
				E0607F7222FC7A3F002406A6 /* Sources */,
				E0607F7322FC7A3F002406A6 /* Frameworks */,
				E0607F7422FC7A3F002406A6 /* Resources */,
			);
			buildRules = (
			);
			dependencies = (
			);
			name = PhotoWall;
			productName = PhotoWall;
			productReference = E0607F7622FC7A3F002406A6 /* PhotoWall.app */;
			productType = "com.apple.product-type.application";
		};
/* End PBXNativeTarget section */

/* Begin PBXProject section */
		E0607F6E22FC7A3F002406A6 /* Project object */ = {
			isa = PBXProject;
			attributes = {
				LastSwiftUpdateCheck = 1100;
				LastUpgradeCheck = 1100;
				ORGANIZATIONNAME = "Natalie KU";
				TargetAttributes = {
					E0607F7522FC7A3F002406A6 = {
						CreatedOnToolsVersion = 11.0;
					};
				};
			};
			buildConfigurationList = E0607F7122FC7A3F002406A6 /* Build configuration list for PBXProject "PhotoWall" */;
			compatibilityVersion = "Xcode 9.3";
			developmentRegion = en;
			hasScannedForEncodings = 0;
			knownRegions = (
				en,
				Base,
			);
			mainGroup = E0607F6D22FC7A3F002406A6;
			productRefGroup = E0607F7722FC7A3F002406A6 /* Products */;
			projectDirPath = "";
			projectRoot = "";
			targets = (
				E0607F7522FC7A3F002406A6 /* PhotoWall */,
			);
		};
/* End PBXProject section */

/* Begin PBXResourcesBuildPhase section */
		E0607F7422FC7A3F002406A6 /* Resources */ = {
			isa = PBXResourcesBuildPhase;
			buildActionMask = 2147483647;
			files = (
				E0607F8622FC7A41002406A6 /* LaunchScreen.storyboard in Resources */,
				E0607F8322FC7A41002406A6 /* Assets.xcassets in Resources */,
				E0607F8122FC7A3F002406A6 /* Main.storyboard in Resources */,
			);
			runOnlyForDeploymentPostprocessing = 0;
		};
/* End PBXResourcesBuildPhase section */

/* Begin PBXSourcesBuildPhase section */
		E0607F7222FC7A3F002406A6 /* Sources */ = {
			isa = PBXSourcesBuildPhase;
			buildActionMask = 2147483647;
			files = (
				E0607F7E22FC7A3F002406A6 /* ViewController.swift in Sources */,
				E0607F9022FC7B49002406A6 /* MoonshotCollectionViewCell.swift in Sources */,
				E0607F7A22FC7A3F002406A6 /* AppDelegate.swift in Sources */,
				E0607F7C22FC7A3F002406A6 /* SceneDelegate.swift in Sources */,
				E0607F8E22FC7B1A002406A6 /* MoonshotCollectionViewController.swift in Sources */,
			);
			runOnlyForDeploymentPostprocessing = 0;
		};
/* End PBXSourcesBuildPhase section */

/* Begin PBXVariantGroup section */
		E0607F7F22FC7A3F002406A6 /* Main.storyboard */ = {
			isa = PBXVariantGroup;
			children = (
				E0607F8022FC7A3F002406A6 /* Base */,
			);
			name = Main.storyboard;
			sourceTree = "<group>";
		};
		E0607F8422FC7A41002406A6 /* LaunchScreen.storyboard */ = {
			isa = PBXVariantGroup;
			children = (
				E0607F8522FC7A41002406A6 /* Base */,
			);
			name = LaunchScreen.storyboard;
			sourceTree = "<group>";
		};
/* End PBXVariantGroup section */

/* Begin XCBuildConfiguration section */
		E0607F8822FC7A41002406A6 /* Debug */ = {
			isa = XCBuildConfiguration;
			buildSettings = {
				ALWAYS_SEARCH_USER_PATHS = NO;
				CLANG_ANALYZER_NONNULL = YES;
				CLANG_ANALYZER_NUMBER_OBJECT_CONVERSION = YES_AGGRESSIVE;
				CLANG_CXX_LANGUAGE_STANDARD = "gnu++14";
				CLANG_CXX_LIBRARY = "libc++";
				CLANG_ENABLE_MODULES = YES;
				CLANG_ENABLE_OBJC_ARC = YES;
				CLANG_ENABLE_OBJC_WEAK = YES;
				CLANG_WARN_BLOCK_CAPTURE_AUTORELEASING = YES;
				CLANG_WARN_BOOL_CONVERSION = YES;
				CLANG_WARN_COMMA = YES;
				CLANG_WARN_CONSTANT_CONVERSION = YES;
				CLANG_WARN_DEPRECATED_OBJC_IMPLEMENTATIONS = YES;
				CLANG_WARN_DIRECT_OBJC_ISA_USAGE = YES_ERROR;
				CLANG_WARN_DOCUMENTATION_COMMENTS = YES;
				CLANG_WARN_EMPTY_BODY = YES;
				CLANG_WARN_ENUM_CONVERSION = YES;
				CLANG_WARN_INFINITE_RECURSION = YES;
				CLANG_WARN_INT_CONVERSION = YES;
				CLANG_WARN_NON_LITERAL_NULL_CONVERSION = YES;
				CLANG_WARN_OBJC_IMPLICIT_RETAIN_SELF = YES;
				CLANG_WARN_OBJC_LITERAL_CONVERSION = YES;
				CLANG_WARN_OBJC_ROOT_CLASS = YES_ERROR;
				CLANG_WARN_RANGE_LOOP_ANALYSIS = YES;
				CLANG_WARN_STRICT_PROTOTYPES = YES;
				CLANG_WARN_SUSPICIOUS_MOVE = YES;
				CLANG_WARN_UNGUARDED_AVAILABILITY = YES_AGGRESSIVE;
				CLANG_WARN_UNREACHABLE_CODE = YES;
				CLANG_WARN__DUPLICATE_METHOD_MATCH = YES;
				COPY_PHASE_STRIP = NO;
				DEBUG_INFORMATION_FORMAT = dwarf;
				ENABLE_STRICT_OBJC_MSGSEND = YES;
				ENABLE_TESTABILITY = YES;
				GCC_C_LANGUAGE_STANDARD = gnu11;
				GCC_DYNAMIC_NO_PIC = NO;
				GCC_NO_COMMON_BLOCKS = YES;
				GCC_OPTIMIZATION_LEVEL = 0;
				GCC_PREPROCESSOR_DEFINITIONS = (
					"DEBUG=1",
					"$(inherited)",
				);
				GCC_WARN_64_TO_32_BIT_CONVERSION = YES;
				GCC_WARN_ABOUT_RETURN_TYPE = YES_ERROR;
				GCC_WARN_UNDECLARED_SELECTOR = YES;
				GCC_WARN_UNINITIALIZED_AUTOS = YES_AGGRESSIVE;
				GCC_WARN_UNUSED_FUNCTION = YES;
				GCC_WARN_UNUSED_VARIABLE = YES;
				IPHONEOS_DEPLOYMENT_TARGET = 13.0;
				MTL_ENABLE_DEBUG_INFO = INCLUDE_SOURCE;
				MTL_FAST_MATH = YES;
				ONLY_ACTIVE_ARCH = YES;
				SDKROOT = iphoneos;
				SWIFT_ACTIVE_COMPILATION_CONDITIONS = DEBUG;
				SWIFT_OPTIMIZATION_LEVEL = "-Onone";
			};
			name = Debug;
		};
		E0607F8922FC7A41002406A6 /* Release */ = {
			isa = XCBuildConfiguration;
			buildSettings = {
				ALWAYS_SEARCH_USER_PATHS = NO;
				CLANG_ANALYZER_NONNULL = YES;
				CLANG_ANALYZER_NUMBER_OBJECT_CONVERSION = YES_AGGRESSIVE;
				CLANG_CXX_LANGUAGE_STANDARD = "gnu++14";
				CLANG_CXX_LIBRARY = "libc++";
				CLANG_ENABLE_MODULES = YES;
				CLANG_ENABLE_OBJC_ARC = YES;
				CLANG_ENABLE_OBJC_WEAK = YES;
				CLANG_WARN_BLOCK_CAPTURE_AUTORELEASING = YES;
				CLANG_WARN_BOOL_CONVERSION = YES;
				CLANG_WARN_COMMA = YES;
				CLANG_WARN_CONSTANT_CONVERSION = YES;
				CLANG_WARN_DEPRECATED_OBJC_IMPLEMENTATIONS = YES;
				CLANG_WARN_DIRECT_OBJC_ISA_USAGE = YES_ERROR;
				CLANG_WARN_DOCUMENTATION_COMMENTS = YES;
				CLANG_WARN_EMPTY_BODY = YES;
				CLANG_WARN_ENUM_CONVERSION = YES;
				CLANG_WARN_INFINITE_RECURSION = YES;
				CLANG_WARN_INT_CONVERSION = YES;
				CLANG_WARN_NON_LITERAL_NULL_CONVERSION = YES;
				CLANG_WARN_OBJC_IMPLICIT_RETAIN_SELF = YES;
				CLANG_WARN_OBJC_LITERAL_CONVERSION = YES;
				CLANG_WARN_OBJC_ROOT_CLASS = YES_ERROR;
				CLANG_WARN_RANGE_LOOP_ANALYSIS = YES;
				CLANG_WARN_STRICT_PROTOTYPES = YES;
				CLANG_WARN_SUSPICIOUS_MOVE = YES;
				CLANG_WARN_UNGUARDED_AVAILABILITY = YES_AGGRESSIVE;
				CLANG_WARN_UNREACHABLE_CODE = YES;
				CLANG_WARN__DUPLICATE_METHOD_MATCH = YES;
				COPY_PHASE_STRIP = NO;
				DEBUG_INFORMATION_FORMAT = "dwarf-with-dsym";
				ENABLE_NS_ASSERTIONS = NO;
				ENABLE_STRICT_OBJC_MSGSEND = YES;
				GCC_C_LANGUAGE_STANDARD = gnu11;
				GCC_NO_COMMON_BLOCKS = YES;
				GCC_WARN_64_TO_32_BIT_CONVERSION = YES;
				GCC_WARN_ABOUT_RETURN_TYPE = YES_ERROR;
				GCC_WARN_UNDECLARED_SELECTOR = YES;
				GCC_WARN_UNINITIALIZED_AUTOS = YES_AGGRESSIVE;
				GCC_WARN_UNUSED_FUNCTION = YES;
				GCC_WARN_UNUSED_VARIABLE = YES;
				IPHONEOS_DEPLOYMENT_TARGET = 13.0;
				MTL_ENABLE_DEBUG_INFO = NO;
				MTL_FAST_MATH = YES;
				SDKROOT = iphoneos;
				SWIFT_COMPILATION_MODE = wholemodule;
				SWIFT_OPTIMIZATION_LEVEL = "-O";
				VALIDATE_PRODUCT = YES;
			};
			name = Release;
		};
		E0607F8B22FC7A41002406A6 /* Debug */ = {
			isa = XCBuildConfiguration;
			buildSettings = {
				ASSETCATALOG_COMPILER_APPICON_NAME = AppIcon;
				CODE_SIGN_STYLE = Automatic;
				DEVELOPMENT_TEAM = HC9UU37FN8;
				INFOPLIST_FILE = PhotoWall/Info.plist;
				LD_RUNPATH_SEARCH_PATHS = (
					"$(inherited)",
					"@executable_path/Frameworks",
				);
				PRODUCT_BUNDLE_IDENTIFIER = "-1.PhotoWall";
				PRODUCT_NAME = "$(TARGET_NAME)";
				SWIFT_VERSION = 5.0;
				TARGETED_DEVICE_FAMILY = "1,2";
			};
			name = Debug;
		};
		E0607F8C22FC7A41002406A6 /* Release */ = {
			isa = XCBuildConfiguration;
			buildSettings = {
				ASSETCATALOG_COMPILER_APPICON_NAME = AppIcon;
				CODE_SIGN_STYLE = Automatic;
				DEVELOPMENT_TEAM = HC9UU37FN8;
				INFOPLIST_FILE = PhotoWall/Info.plist;
				LD_RUNPATH_SEARCH_PATHS = (
					"$(inherited)",
					"@executable_path/Frameworks",
				);
				PRODUCT_BUNDLE_IDENTIFIER = "-1.PhotoWall";
				PRODUCT_NAME = "$(TARGET_NAME)";
				SWIFT_VERSION = 5.0;
				TARGETED_DEVICE_FAMILY = "1,2";
			};
			name = Release;
		};
/* End XCBuildConfiguration section */

/* Begin XCConfigurationList section */
		E0607F7122FC7A3F002406A6 /* Build configuration list for PBXProject "PhotoWall" */ = {
			isa = XCConfigurationList;
			buildConfigurations = (
				E0607F8822FC7A41002406A6 /* Debug */,
				E0607F8922FC7A41002406A6 /* Release */,
			);
			defaultConfigurationIsVisible = 0;
			defaultConfigurationName = Release;
		};
		E0607F8A22FC7A41002406A6 /* Build configuration list for PBXNativeTarget "PhotoWall" */ = {
			isa = XCConfigurationList;
			buildConfigurations = (
				E0607F8B22FC7A41002406A6 /* Debug */,
				E0607F8C22FC7A41002406A6 /* Release */,
			);
			defaultConfigurationIsVisible = 0;
			defaultConfigurationName = Release;
		};
/* End XCConfigurationList section */
	};
	rootObject = E0607F6E22FC7A3F002406A6 /* Project object */;
}
